// !$*UTF8*$!
{
	archiveVersion = 1;
	classes = {
	};
	objectVersion = 46;
	objects = {

/* Begin PBXBuildFile section */
		7420B6471DE9CBD7002D795F /* 4-pfister-a1.c in Sources */ = {isa = PBXBuildFile; fileRef = 7420B6461DE9CBD7002D795F /* 4-pfister-a1.c */; };
		747F13751DE9D810003C9014 /* 4-pfister-a3.c in Sources */ = {isa = PBXBuildFile; fileRef = 747F13741DE9D810003C9014 /* 4-pfister-a3.c */; };
/* End PBXBuildFile section */

/* Begin PBXCopyFilesBuildPhase section */
		7420B6341DE9C99E002D795F /* CopyFiles */ = {
			isa = PBXCopyFilesBuildPhase;
			buildActionMask = 2147483647;
			dstPath = /usr/share/man/man1/;
			dstSubfolderSpec = 0;
			files = (
			);
			runOnlyForDeploymentPostprocessing = 1;
		};
		7420B6421DE9CBD7002D795F /* CopyFiles */ = {
			isa = PBXCopyFilesBuildPhase;
			buildActionMask = 2147483647;
			dstPath = /usr/share/man/man1/;
			dstSubfolderSpec = 0;
			files = (
			);
			runOnlyForDeploymentPostprocessing = 1;
		};
		747F13701DE9D810003C9014 /* CopyFiles */ = {
			isa = PBXCopyFilesBuildPhase;
			buildActionMask = 2147483647;
			dstPath = /usr/share/man/man1/;
			dstSubfolderSpec = 0;
			files = (
			);
			runOnlyForDeploymentPostprocessing = 1;
		};
/* End PBXCopyFilesBuildPhase section */

/* Begin PBXFileReference section */
		7420B6361DE9C99F002D795F /* Blatt 06 */ = {isa = PBXFileReference; explicitFileType = "compiled.mach-o.executable"; includeInIndex = 0; path = "Blatt 06"; sourceTree = BUILT_PRODUCTS_DIR; };
		7420B6441DE9CBD7002D795F /* 4-pfister-a1 */ = {isa = PBXFileReference; explicitFileType = "compiled.mach-o.executable"; includeInIndex = 0; path = "4-pfister-a1"; sourceTree = BUILT_PRODUCTS_DIR; };
		7420B6461DE9CBD7002D795F /* 4-pfister-a1.c */ = {isa = PBXFileReference; lastKnownFileType = sourcecode.c.c; path = "4-pfister-a1.c"; sourceTree = "<group>"; };
		747F13721DE9D810003C9014 /* 4-pfister-a3 */ = {isa = PBXFileReference; explicitFileType = "compiled.mach-o.executable"; includeInIndex = 0; path = "4-pfister-a3"; sourceTree = BUILT_PRODUCTS_DIR; };
		747F13741DE9D810003C9014 /* 4-pfister-a3.c */ = {isa = PBXFileReference; lastKnownFileType = sourcecode.c.c; path = "4-pfister-a3.c"; sourceTree = "<group>"; };
/* End PBXFileReference section */

/* Begin PBXFrameworksBuildPhase section */
		7420B6331DE9C99E002D795F /* Frameworks */ = {
			isa = PBXFrameworksBuildPhase;
			buildActionMask = 2147483647;
			files = (
			);
			runOnlyForDeploymentPostprocessing = 0;
		};
		7420B6411DE9CBD7002D795F /* Frameworks */ = {
			isa = PBXFrameworksBuildPhase;
			buildActionMask = 2147483647;
			files = (
			);
			runOnlyForDeploymentPostprocessing = 0;
		};
		747F136F1DE9D810003C9014 /* Frameworks */ = {
			isa = PBXFrameworksBuildPhase;
			buildActionMask = 2147483647;
			files = (
			);
			runOnlyForDeploymentPostprocessing = 0;
		};
/* End PBXFrameworksBuildPhase section */

/* Begin PBXGroup section */
		7420B62D1DE9C99E002D795F = {
			isa = PBXGroup;
			children = (
				7420B6451DE9CBD7002D795F /* 4-pfister-a1 */,
				747F13731DE9D810003C9014 /* 4-pfister-a3 */,
				7420B6371DE9C99F002D795F /* Products */,
			);
			sourceTree = "<group>";
		};
		7420B6371DE9C99F002D795F /* Products */ = {
			isa = PBXGroup;
			children = (
				7420B6361DE9C99F002D795F /* Blatt 06 */,
				7420B6441DE9CBD7002D795F /* 4-pfister-a1 */,
				747F13721DE9D810003C9014 /* 4-pfister-a3 */,
			);
			name = Products;
			sourceTree = "<group>";
		};
		7420B6451DE9CBD7002D795F /* 4-pfister-a1 */ = {
			isa = PBXGroup;
			children = (
				7420B6461DE9CBD7002D795F /* 4-pfister-a1.c */,
			);
			path = "4-pfister-a1";
			sourceTree = "<group>";
		};
		747F13731DE9D810003C9014 /* 4-pfister-a3 */ = {
			isa = PBXGroup;
			children = (
				747F13741DE9D810003C9014 /* 4-pfister-a3.c */,
			);
			path = "4-pfister-a3";
			sourceTree = "<group>";
		};
/* End PBXGroup section */

/* Begin PBXNativeTarget section */
		7420B6351DE9C99E002D795F /* Blatt 06 */ = {
			isa = PBXNativeTarget;
			buildConfigurationList = 7420B63D1DE9C99F002D795F /* Build configuration list for PBXNativeTarget "Blatt 06" */;
			buildPhases = (
				7420B6321DE9C99E002D795F /* Sources */,
				7420B6331DE9C99E002D795F /* Frameworks */,
				7420B6341DE9C99E002D795F /* CopyFiles */,
			);
			buildRules = (
			);
			dependencies = (
			);
			name = "Blatt 06";
			productName = "Blatt 06";
			productReference = 7420B6361DE9C99F002D795F /* Blatt 06 */;
			productType = "com.apple.product-type.tool";
		};
		7420B6431DE9CBD7002D795F /* 4-pfister-a1 */ = {
			isa = PBXNativeTarget;
			buildConfigurationList = 7420B6481DE9CBD7002D795F /* Build configuration list for PBXNativeTarget "4-pfister-a1" */;
			buildPhases = (
				7420B6401DE9CBD7002D795F /* Sources */,
				7420B6411DE9CBD7002D795F /* Frameworks */,
				7420B6421DE9CBD7002D795F /* CopyFiles */,
			);
			buildRules = (
			);
			dependencies = (
			);
			name = "4-pfister-a1";
			productName = "4-pfister-a1";
			productReference = 7420B6441DE9CBD7002D795F /* 4-pfister-a1 */;
			productType = "com.apple.product-type.tool";
		};
		747F13711DE9D810003C9014 /* 4-pfister-a3 */ = {
			isa = PBXNativeTarget;
			buildConfigurationList = 747F13761DE9D810003C9014 /* Build configuration list for PBXNativeTarget "4-pfister-a3" */;
			buildPhases = (
				747F136E1DE9D810003C9014 /* Sources */,
				747F136F1DE9D810003C9014 /* Frameworks */,
				747F13701DE9D810003C9014 /* CopyFiles */,
			);
			buildRules = (
			);
			dependencies = (
			);
			name = "4-pfister-a3";
			productName = "4-pfister-a3";
			productReference = 747F13721DE9D810003C9014 /* 4-pfister-a3 */;
			productType = "com.apple.product-type.tool";
		};
/* End PBXNativeTarget section */

/* Begin PBXProject section */
		7420B62E1DE9C99E002D795F /* Project object */ = {
			isa = PBXProject;
			attributes = {
				LastUpgradeCheck = 0800;
				ORGANIZATIONNAME = "Clemens Pfister";
				TargetAttributes = {
					7420B6351DE9C99E002D795F = {
						CreatedOnToolsVersion = 8.0;
						DevelopmentTeam = KV8UJJSSGQ;
						ProvisioningStyle = Automatic;
					};
					7420B6431DE9CBD7002D795F = {
						CreatedOnToolsVersion = 8.0;
						DevelopmentTeam = KV8UJJSSGQ;
						ProvisioningStyle = Automatic;
					};
					747F13711DE9D810003C9014 = {
						CreatedOnToolsVersion = 8.0;
						DevelopmentTeam = KV8UJJSSGQ;
						ProvisioningStyle = Automatic;
					};
				};
			};
			buildConfigurationList = 7420B6311DE9C99E002D795F /* Build configuration list for PBXProject "Blatt 06" */;
			compatibilityVersion = "Xcode 3.2";
			developmentRegion = English;
			hasScannedForEncodings = 0;
			knownRegions = (
				en,
			);
			mainGroup = 7420B62D1DE9C99E002D795F;
			productRefGroup = 7420B6371DE9C99F002D795F /* Products */;
			projectDirPath = "";
			projectRoot = "";
			targets = (
				7420B6351DE9C99E002D795F /* Blatt 06 */,
				7420B6431DE9CBD7002D795F /* 4-pfister-a1 */,
				747F13711DE9D810003C9014 /* 4-pfister-a3 */,
			);
		};
/* End PBXProject section */

/* Begin PBXSourcesBuildPhase section */
		7420B6321DE9C99E002D795F /* Sources */ = {
			isa = PBXSourcesBuildPhase;
			buildActionMask = 2147483647;
			files = (
			);
			runOnlyForDeploymentPostprocessing = 0;
		};
		7420B6401DE9CBD7002D795F /* Sources */ = {
			isa = PBXSourcesBuildPhase;
			buildActionMask = 2147483647;
			files = (
				7420B6471DE9CBD7002D795F /* 4-pfister-a1.c in Sources */,
			);
			runOnlyForDeploymentPostprocessing = 0;
		};
		747F136E1DE9D810003C9014 /* Sources */ = {
			isa = PBXSourcesBuildPhase;
			buildActionMask = 2147483647;
			files = (
				747F13751DE9D810003C9014 /* 4-pfister-a3.c in Sources */,
			);
			runOnlyForDeploymentPostprocessing = 0;
		};
/* End PBXSourcesBuildPhase section */

/* Begin XCBuildConfiguration section */
		7420B63B1DE9C99F002D795F /* Debug */ = {
			isa = XCBuildConfiguration;
			buildSettings = {
				ALWAYS_SEARCH_USER_PATHS = NO;
				CLANG_ANALYZER_NONNULL = YES;
				CLANG_CXX_LANGUAGE_STANDARD = "gnu++0x";
				CLANG_CXX_LIBRARY = "libc++";
				CLANG_ENABLE_MODULES = YES;
				CLANG_ENABLE_OBJC_ARC = YES;
				CLANG_WARN_BOOL_CONVERSION = YES;
				CLANG_WARN_CONSTANT_CONVERSION = YES;
				CLANG_WARN_DIRECT_OBJC_ISA_USAGE = YES_ERROR;
				CLANG_WARN_DOCUMENTATION_COMMENTS = YES;
				CLANG_WARN_EMPTY_BODY = YES;
				CLANG_WARN_ENUM_CONVERSION = YES;
				CLANG_WARN_INFINITE_RECURSION = YES;
				CLANG_WARN_INT_CONVERSION = YES;
				CLANG_WARN_OBJC_ROOT_CLASS = YES_ERROR;
				CLANG_WARN_SUSPICIOUS_MOVES = YES;
				CLANG_WARN_UNREACHABLE_CODE = YES;
				CLANG_WARN__DUPLICATE_METHOD_MATCH = YES;
				CODE_SIGN_IDENTITY = "-";
				COPY_PHASE_STRIP = NO;
				DEBUG_INFORMATION_FORMAT = dwarf;
				ENABLE_STRICT_OBJC_MSGSEND = YES;
				ENABLE_TESTABILITY = YES;
				GCC_C_LANGUAGE_STANDARD = gnu99;
				GCC_DYNAMIC_NO_PIC = NO;
				GCC_NO_COMMON_BLOCKS = YES;
				GCC_OPTIMIZATION_LEVEL = 0;
				GCC_PREPROCESSOR_DEFINITIONS = (
					"DEBUG=1",
					"$(inherited)",
				);
				GCC_WARN_64_TO_32_BIT_CONVERSION = YES;
				GCC_WARN_ABOUT_RETURN_TYPE = YES_ERROR;
				GCC_WARN_UNDECLARED_SELECTOR = YES;
				GCC_WARN_UNINITIALIZED_AUTOS = YES_AGGRESSIVE;
				GCC_WARN_UNUSED_FUNCTION = YES;
				GCC_WARN_UNUSED_VARIABLE = YES;
				MACOSX_DEPLOYMENT_TARGET = 10.12;
				MTL_ENABLE_DEBUG_INFO = YES;
				ONLY_ACTIVE_ARCH = YES;
				SDKROOT = macosx;
			};
			name = Debug;
		};
		7420B63C1DE9C99F002D795F /* Release */ = {
			isa = XCBuildConfiguration;
			buildSettings = {
				ALWAYS_SEARCH_USER_PATHS = NO;
				CLANG_ANALYZER_NONNULL = YES;
				CLANG_CXX_LANGUAGE_STANDARD = "gnu++0x";
				CLANG_CXX_LIBRARY = "libc++";
				CLANG_ENABLE_MODULES = YES;
				CLANG_ENABLE_OBJC_ARC = YES;
				CLANG_WARN_BOOL_CONVERSION = YES;
				CLANG_WARN_CONSTANT_CONVERSION = YES;
				CLANG_WARN_DIRECT_OBJC_ISA_USAGE = YES_ERROR;
				CLANG_WARN_DOCUMENTATION_COMMENTS = YES;
				CLANG_WARN_EMPTY_BODY = YES;
				CLANG_WARN_ENUM_CONVERSION = YES;
				CLANG_WARN_INFINITE_RECURSION = YES;
				CLANG_WARN_INT_CONVERSION = YES;
				CLANG_WARN_OBJC_ROOT_CLASS = YES_ERROR;
				CLANG_WARN_SUSPICIOUS_MOVES = YES;
				CLANG_WARN_UNREACHABLE_CODE = YES;
				CLANG_WARN__DUPLICATE_METHOD_MATCH = YES;
				CODE_SIGN_IDENTITY = "-";
				COPY_PHASE_STRIP = NO;
				DEBUG_INFORMATION_FORMAT = "dwarf-with-dsym";
				ENABLE_NS_ASSERTIONS = NO;
				ENABLE_STRICT_OBJC_MSGSEND = YES;
				GCC_C_LANGUAGE_STANDARD = gnu99;
				GCC_NO_COMMON_BLOCKS = YES;
				GCC_WARN_64_TO_32_BIT_CONVERSION = YES;
				GCC_WARN_ABOUT_RETURN_TYPE = YES_ERROR;
				GCC_WARN_UNDECLARED_SELECTOR = YES;
				GCC_WARN_UNINITIALIZED_AUTOS = YES_AGGRESSIVE;
				GCC_WARN_UNUSED_FUNCTION = YES;
				GCC_WARN_UNUSED_VARIABLE = YES;
				MACOSX_DEPLOYMENT_TARGET = 10.12;
				MTL_ENABLE_DEBUG_INFO = NO;
				SDKROOT = macosx;
			};
			name = Release;
		};
		7420B63E1DE9C99F002D795F /* Debug */ = {
			isa = XCBuildConfiguration;
			buildSettings = {
				DEVELOPMENT_TEAM = KV8UJJSSGQ;
				PRODUCT_NAME = "$(TARGET_NAME)";
			};
			name = Debug;
		};
		7420B63F1DE9C99F002D795F /* Release */ = {
			isa = XCBuildConfiguration;
			buildSettings = {
				DEVELOPMENT_TEAM = KV8UJJSSGQ;
				PRODUCT_NAME = "$(TARGET_NAME)";
			};
			name = Release;
		};
		7420B6491DE9CBD7002D795F /* Debug */ = {
			isa = XCBuildConfiguration;
			buildSettings = {
				DEVELOPMENT_TEAM = KV8UJJSSGQ;
				PRODUCT_NAME = "$(TARGET_NAME)";
			};
			name = Debug;
		};
		7420B64A1DE9CBD7002D795F /* Release */ = {
			isa = XCBuildConfiguration;
			buildSettings = {
				DEVELOPMENT_TEAM = KV8UJJSSGQ;
				PRODUCT_NAME = "$(TARGET_NAME)";
			};
			name = Release;
		};
		747F13771DE9D810003C9014 /* Debug */ = {
			isa = XCBuildConfiguration;
			buildSettings = {
				DEVELOPMENT_TEAM = KV8UJJSSGQ;
				PRODUCT_NAME = "$(TARGET_NAME)";
			};
			name = Debug;
		};
		747F13781DE9D810003C9014 /* Release */ = {
			isa = XCBuildConfiguration;
			buildSettings = {
				DEVELOPMENT_TEAM = KV8UJJSSGQ;
				PRODUCT_NAME = "$(TARGET_NAME)";
			};
			name = Release;
		};
/* End XCBuildConfiguration section */

/* Begin XCConfigurationList section */
		7420B6311DE9C99E002D795F /* Build configuration list for PBXProject "Blatt 06" */ = {
			isa = XCConfigurationList;
			buildConfigurations = (
				7420B63B1DE9C99F002D795F /* Debug */,
				7420B63C1DE9C99F002D795F /* Release */,
			);
			defaultConfigurationIsVisible = 0;
			defaultConfigurationName = Release;
		};
		7420B63D1DE9C99F002D795F /* Build configuration list for PBXNativeTarget "Blatt 06" */ = {
			isa = XCConfigurationList;
			buildConfigurations = (
				7420B63E1DE9C99F002D795F /* Debug */,
				7420B63F1DE9C99F002D795F /* Release */,
			);
			defaultConfigurationIsVisible = 0;
			defaultConfigurationName = Release;
		};
		7420B6481DE9CBD7002D795F /* Build configuration list for PBXNativeTarget "4-pfister-a1" */ = {
			isa = XCConfigurationList;
			buildConfigurations = (
				7420B6491DE9CBD7002D795F /* Debug */,
				7420B64A1DE9CBD7002D795F /* Release */,
			);
			defaultConfigurationIsVisible = 0;
			defaultConfigurationName = Release;
		};
		747F13761DE9D810003C9014 /* Build configuration list for PBXNativeTarget "4-pfister-a3" */ = {
			isa = XCConfigurationList;
			buildConfigurations = (
				747F13771DE9D810003C9014 /* Debug */,
				747F13781DE9D810003C9014 /* Release */,
			);
			defaultConfigurationIsVisible = 0;
		};
/* End XCConfigurationList section */
	};
	rootObject = 7420B62E1DE9C99E002D795F /* Project object */;
}
